
Microsoft Visual Studio Solution File, Format Version 12.00
# Visual Studio Version 17
VisualStudioVersion = 17.3.32901.215
MinimumVisualStudioVersion = 10.0.40219.1
Project("{FAE04EC0-301F-11D3-BF4B-00C04F79EFBC}") = "LabOOP3_sharp", "LabOOP3_sharp\LabOOP3_sharp.csproj", "{007DBFD3-52BE-4008-99F0-6FFAB0893058}"
EndProject
Global
	GlobalSection(SolutionConfigurationPlatforms) = preSolution
		Debug|Any CPU = Debug|Any CPU
		Release|Any CPU = Release|Any CPU
	EndGlobalSection
	GlobalSection(ProjectConfigurationPlatforms) = postSolution
		{007DBFD3-52BE-4008-99F0-6FFAB0893058}.Debug|Any CPU.ActiveCfg = Debug|Any CPU
		{007DBFD3-52BE-4008-99F0-6FFAB0893058}.Debug|Any CPU.Build.0 = Debug|Any CPU
		{007DBFD3-52BE-4008-99F0-6FFAB0893058}.Release|Any CPU.ActiveCfg = Release|Any CPU
		{007DBFD3-52BE-4008-99F0-6FFAB0893058}.Release|Any CPU.Build.0 = Release|Any CPU
	EndGlobalSection
	GlobalSection(SolutionProperties) = preSolution
		HideSolutionNode = FALSE
	EndGlobalSection
	GlobalSection(ExtensibilityGlobals) = postSolution
		SolutionGuid = {27411865-C8C9-4159-8D0A-973A5DBC3D2F}
	EndGlobalSection
EndGlobal
